
Microsoft Visual Studio Solution File, Format Version 12.00
# Visual Studio 15
VisualStudioVersion = 15.0.27428.2015
MinimumVisualStudioVersion = 10.0.40219.1
Project("{FAE04EC0-301F-11D3-BF4B-00C04F79EFBC}") = "ImageService", "MyNewService\ImageService.csproj", "{95A8AAAD-4035-4FCA-B975-48630231797B}"
EndProject
Project("{FAE04EC0-301F-11D3-BF4B-00C04F79EFBC}") = "ImageServiceGUI", "ImageServiceGUI\ImageServiceGUI.csproj", "{8233BCE1-8173-4DDD-B54C-88A03B80A208}"
EndProject
Project("{FAE04EC0-301F-11D3-BF4B-00C04F79EFBC}") = "ImageServiceWeb", "ImageServiceWeb\ImageServiceWeb.csproj", "{257642BA-051F-43AF-B8F8-38548F0B7059}"
	ProjectSection(ProjectDependencies) = postProject
		{95A8AAAD-4035-4FCA-B975-48630231797B} = {95A8AAAD-4035-4FCA-B975-48630231797B}
	EndProjectSection
EndProject
Global
	GlobalSection(SolutionConfigurationPlatforms) = preSolution
		Debug|Any CPU = Debug|Any CPU
		Release|Any CPU = Release|Any CPU
	EndGlobalSection
	GlobalSection(ProjectConfigurationPlatforms) = postSolution
		{95A8AAAD-4035-4FCA-B975-48630231797B}.Debug|Any CPU.ActiveCfg = Debug|Any CPU
		{95A8AAAD-4035-4FCA-B975-48630231797B}.Debug|Any CPU.Build.0 = Debug|Any CPU
		{95A8AAAD-4035-4FCA-B975-48630231797B}.Release|Any CPU.ActiveCfg = Release|Any CPU
		{95A8AAAD-4035-4FCA-B975-48630231797B}.Release|Any CPU.Build.0 = Release|Any CPU
		{8233BCE1-8173-4DDD-B54C-88A03B80A208}.Debug|Any CPU.ActiveCfg = Debug|Any CPU
		{8233BCE1-8173-4DDD-B54C-88A03B80A208}.Debug|Any CPU.Build.0 = Debug|Any CPU
		{8233BCE1-8173-4DDD-B54C-88A03B80A208}.Release|Any CPU.ActiveCfg = Release|Any CPU
		{8233BCE1-8173-4DDD-B54C-88A03B80A208}.Release|Any CPU.Build.0 = Release|Any CPU
		{257642BA-051F-43AF-B8F8-38548F0B7059}.Debug|Any CPU.ActiveCfg = Debug|Any CPU
		{257642BA-051F-43AF-B8F8-38548F0B7059}.Debug|Any CPU.Build.0 = Debug|Any CPU
		{257642BA-051F-43AF-B8F8-38548F0B7059}.Release|Any CPU.ActiveCfg = Release|Any CPU
		{257642BA-051F-43AF-B8F8-38548F0B7059}.Release|Any CPU.Build.0 = Release|Any CPU
	EndGlobalSection
	GlobalSection(SolutionProperties) = preSolution
		HideSolutionNode = FALSE
	EndGlobalSection
	GlobalSection(ExtensibilityGlobals) = postSolution
		SolutionGuid = {F72115AB-A32D-4FD9-9225-45733EED2AF9}
	EndGlobalSection
EndGlobal
